
Microsoft Visual Studio Solution File, Format Version 12.00
Project("{FAE04EC0-301F-11D3-BF4B-00C04F79EFBC}") = "Server", "Server\Server.csproj", "{DA500C32-F341-4216-B196-DD8146815970}"
EndProject
Project("{FAE04EC0-301F-11D3-BF4B-00C04F79EFBC}") = "Client", "Client\Client.csproj", "{500F1939-E78B-4C74-BA1B-D530A2A03DF2}"
EndProject
Global
	GlobalSection(SolutionConfigurationPlatforms) = preSolution
		Debug|Any CPU = Debug|Any CPU
		Release|Any CPU = Release|Any CPU
	EndGlobalSection
	GlobalSection(ProjectConfigurationPlatforms) = postSolution
		{DA500C32-F341-4216-B196-DD8146815970}.Debug|Any CPU.ActiveCfg = Debug|Any CPU
		{DA500C32-F341-4216-B196-DD8146815970}.Debug|Any CPU.Build.0 = Debug|Any CPU
		{DA500C32-F341-4216-B196-DD8146815970}.Release|Any CPU.ActiveCfg = Release|Any CPU
		{DA500C32-F341-4216-B196-DD8146815970}.Release|Any CPU.Build.0 = Release|Any CPU
		{500F1939-E78B-4C74-BA1B-D530A2A03DF2}.Debug|Any CPU.ActiveCfg = Debug|Any CPU
		{500F1939-E78B-4C74-BA1B-D530A2A03DF2}.Debug|Any CPU.Build.0 = Debug|Any CPU
		{500F1939-E78B-4C74-BA1B-D530A2A03DF2}.Release|Any CPU.ActiveCfg = Release|Any CPU
		{500F1939-E78B-4C74-BA1B-D530A2A03DF2}.Release|Any CPU.Build.0 = Release|Any CPU
	EndGlobalSection
EndGlobal
